speakeasyVersion: 1.575.1
sources:
    LambdaDB-OAS:
        sourceNamespace: lambda-db-oas
        sourceRevisionDigest: sha256:32a7ac3af0f575bdf97ba705ca14077901e3bd92b19c0d7d20bac893683fb780
        sourceBlobDigest: sha256:c60d876362aeaf0eb393b865857196c6d06325493028d4aceb825c157ead0726
        tags:
            - latest
            - speakeasy-sdk-regen-1750899010
            - 1.1.1
targets:
    lambda-db:
        source: LambdaDB-OAS
        sourceNamespace: lambda-db-oas
        sourceRevisionDigest: sha256:32a7ac3af0f575bdf97ba705ca14077901e3bd92b19c0d7d20bac893683fb780
        sourceBlobDigest: sha256:c60d876362aeaf0eb393b865857196c6d06325493028d4aceb825c157ead0726
        codeSamplesNamespace: lambda-db-oas-code-samples
        codeSamplesRevisionDigest: sha256:aa748183096b722657998f9249860dc138d75c1857953cb8a722db6b6b08cc58
workflow:
    workflowVersion: 1.0.0
    speakeasyVersion: latest
    sources:
        LambdaDB-OAS:
            inputs:
                - location: https://raw.githubusercontent.com/lambdadb/docs/main/api-reference/openapi.json
            registry:
                location: registry.speakeasyapi.dev/lambdadb-ayw/lambdadb-typescript/lambda-db-oas
    targets:
        lambda-db:
            target: typescript
            source: LambdaDB-OAS
            publish:
                npm:
                    token: $npm_token
            codeSamples:
                registry:
                    location: registry.speakeasyapi.dev/lambdadb-ayw/lambdadb-typescript/lambda-db-oas-code-samples
                labelOverride:
                    fixedValue: Typescript (SDK)
                blocking: false
