speakeasyVersion: 1.693.0
sources:
    LambdaDB-OAS:
        sourceNamespace: lambda-db-oas
        sourceRevisionDigest: sha256:092b8a4b966cf2fc18910e5515c7f5be46c2fb056463400bfb086314475528c5
        sourceBlobDigest: sha256:6faff96695572328253c7ddfd9b4615036a202c544eab1587bb83044029c4de1
        tags:
            - latest
            - 1.1.1
targets:
    lambda-db:
        source: LambdaDB-OAS
        sourceNamespace: lambda-db-oas
        sourceRevisionDigest: sha256:e24ac6b80d65b96103ca978e55eed0f5010e8a1debfbbc6630d5cae1415d62c3
        sourceBlobDigest: sha256:1767d32642a4c48f06c3772bec1602f5f8a3a7776999d85a1e371b97ebeea7ec
        codeSamplesNamespace: lambda-db-oas-code-samples
        codeSamplesRevisionDigest: sha256:5efb321f66115bff226b7f7deb09eb2d1cc6cfc271866b733d37d3ebfb99ffe0
    lambdadb:
        source: LambdaDB-OAS
        sourceNamespace: lambda-db-oas
        sourceRevisionDigest: sha256:092b8a4b966cf2fc18910e5515c7f5be46c2fb056463400bfb086314475528c5
        sourceBlobDigest: sha256:6faff96695572328253c7ddfd9b4615036a202c544eab1587bb83044029c4de1
        codeSamplesNamespace: lambda-db-oas-code-samples
        codeSamplesRevisionDigest: sha256:334cb3f0c41f003ae15db3cdbfd8c1e3802361ef989048a36d6e10dc2432c55f
workflow:
    workflowVersion: 1.0.0
    speakeasyVersion: latest
    sources:
        LambdaDB-OAS:
            inputs:
                - location: https://raw.githubusercontent.com/lambdadb/docs/main/reference/api/openapi.json
            overlays:
                - location: .speakeasy/speakeasy-modifications-overlay.yaml
            output: .speakeasy/out.openapi.yaml
            registry:
                location: registry.speakeasyapi.dev/functional-systems/typescript/lambda-db-oas
    targets:
        lambdadb:
            target: typescript
            source: LambdaDB-OAS
            publish:
                npm:
                    token: $npm_token
            codeSamples:
                registry:
                    location: registry.speakeasyapi.dev/functional-systems/typescript/lambda-db-oas-code-samples
                labelOverride:
                    fixedValue: Typescript (SDK)
                blocking: false
