speakeasyVersion: 1.691.0
sources:
    LambdaDB-OAS:
        sourceNamespace: lambda-db-oas
        sourceRevisionDigest: sha256:2f459a76f14296f748436041e4f666ba0f8bfdc92f57cc8601ce6dcce0b1741a
        sourceBlobDigest: sha256:98583a8353807e96ea74470307c7b9617645c282345b354cd5e3445adc648415
        tags:
            - latest
            - 1.1.1
targets:
    lambda-db:
        source: LambdaDB-OAS
        sourceNamespace: lambda-db-oas
        sourceRevisionDigest: sha256:e24ac6b80d65b96103ca978e55eed0f5010e8a1debfbbc6630d5cae1415d62c3
        sourceBlobDigest: sha256:1767d32642a4c48f06c3772bec1602f5f8a3a7776999d85a1e371b97ebeea7ec
        codeSamplesNamespace: lambda-db-oas-code-samples
        codeSamplesRevisionDigest: sha256:5efb321f66115bff226b7f7deb09eb2d1cc6cfc271866b733d37d3ebfb99ffe0
    lambdadb:
        source: LambdaDB-OAS
        sourceNamespace: lambda-db-oas
        sourceRevisionDigest: sha256:2f459a76f14296f748436041e4f666ba0f8bfdc92f57cc8601ce6dcce0b1741a
        sourceBlobDigest: sha256:98583a8353807e96ea74470307c7b9617645c282345b354cd5e3445adc648415
        codeSamplesNamespace: lambda-db-oas-code-samples
        codeSamplesRevisionDigest: sha256:37d69e3bdba22e027381a1da3e1ccc6a668efed5e33f08064af01c97e85bbe13
workflow:
    workflowVersion: 1.0.0
    speakeasyVersion: latest
    sources:
        LambdaDB-OAS:
            inputs:
                - location: https://raw.githubusercontent.com/lambdadb/docs/main/reference/api/openapi.json
            overlays:
                - location: .speakeasy/speakeasy-modifications-overlay.yaml
            output: .speakeasy/out.openapi.yaml
            registry:
                location: registry.speakeasyapi.dev/functional-systems/typescript/lambda-db-oas
    targets:
        lambdadb:
            target: typescript
            source: LambdaDB-OAS
            publish:
                npm:
                    token: $npm_token
            codeSamples:
                registry:
                    location: registry.speakeasyapi.dev/functional-systems/typescript/lambda-db-oas-code-samples
                labelOverride:
                    fixedValue: Typescript (SDK)
                blocking: false
